
Microsoft Visual Studio Solution File, Format Version 12.00
# Visual Studio Version 16
VisualStudioVersion = 16.0.29926.136
MinimumVisualStudioVersion = 10.0.40219.1
Project("{CC5FD16D-436D-48AD-A40C-5A424C6E3E79}") = "LightAnalysis", "LightAnalysis.ccproj", "{B280D808-4383-4CF9-B50C-1DA437E01E4D}"
EndProject
Project("{FAE04EC0-301F-11D3-BF4B-00C04F79EFBC}") = "Frontend", "Frontend\Frontend.csproj", "{1A4EEE00-DAD0-4931-9B20-4A05F04418E2}"
EndProject
Project("{FAE04EC0-301F-11D3-BF4B-00C04F79EFBC}") = "Backend", "Backend\Backend.csproj", "{BB5EA471-D6AA-4875-80D5-6971F79F1831}"
EndProject
Project("{FAE04EC0-301F-11D3-BF4B-00C04F79EFBC}") = "UserAuthentication", "UserAuthentication\UserAuthentication.csproj", "{0417221B-89D8-4434-BF3B-FA80FB37C26A}"
EndProject
Global
	GlobalSection(SolutionConfigurationPlatforms) = preSolution
		Debug|Any CPU = Debug|Any CPU
		Release|Any CPU = Release|Any CPU
	EndGlobalSection
	GlobalSection(ProjectConfigurationPlatforms) = postSolution
		{B280D808-4383-4CF9-B50C-1DA437E01E4D}.Debug|Any CPU.ActiveCfg = Debug|Any CPU
		{B280D808-4383-4CF9-B50C-1DA437E01E4D}.Debug|Any CPU.Build.0 = Debug|Any CPU
		{B280D808-4383-4CF9-B50C-1DA437E01E4D}.Release|Any CPU.ActiveCfg = Release|Any CPU
		{B280D808-4383-4CF9-B50C-1DA437E01E4D}.Release|Any CPU.Build.0 = Release|Any CPU
		{1A4EEE00-DAD0-4931-9B20-4A05F04418E2}.Debug|Any CPU.ActiveCfg = Debug|Any CPU
		{1A4EEE00-DAD0-4931-9B20-4A05F04418E2}.Debug|Any CPU.Build.0 = Debug|Any CPU
		{1A4EEE00-DAD0-4931-9B20-4A05F04418E2}.Release|Any CPU.ActiveCfg = Release|Any CPU
		{1A4EEE00-DAD0-4931-9B20-4A05F04418E2}.Release|Any CPU.Build.0 = Release|Any CPU
		{BB5EA471-D6AA-4875-80D5-6971F79F1831}.Debug|Any CPU.ActiveCfg = Debug|Any CPU
		{BB5EA471-D6AA-4875-80D5-6971F79F1831}.Debug|Any CPU.Build.0 = Debug|Any CPU
		{BB5EA471-D6AA-4875-80D5-6971F79F1831}.Release|Any CPU.ActiveCfg = Release|Any CPU
		{BB5EA471-D6AA-4875-80D5-6971F79F1831}.Release|Any CPU.Build.0 = Release|Any CPU
		{0417221B-89D8-4434-BF3B-FA80FB37C26A}.Debug|Any CPU.ActiveCfg = Debug|Any CPU
		{0417221B-89D8-4434-BF3B-FA80FB37C26A}.Debug|Any CPU.Build.0 = Debug|Any CPU
		{0417221B-89D8-4434-BF3B-FA80FB37C26A}.Release|Any CPU.ActiveCfg = Release|Any CPU
		{0417221B-89D8-4434-BF3B-FA80FB37C26A}.Release|Any CPU.Build.0 = Release|Any CPU
	EndGlobalSection
	GlobalSection(SolutionProperties) = preSolution
		HideSolutionNode = FALSE
	EndGlobalSection
	GlobalSection(ExtensibilityGlobals) = postSolution
		SolutionGuid = {C40025A5-FF47-4AD0-BE69-16C9155CC4A1}
	EndGlobalSection
EndGlobal
